
Microsoft Visual Studio Solution File, Format Version 12.00
# Visual Studio Version 17
VisualStudioVersion = 17.0.31903.59
MinimumVisualStudioVersion = 10.0.40219.1
Project("{2150E333-8FDC-42A3-9474-1A3956D46DE8}") = "src", "src", "{827E0CD3-B72D-47B6-A68D-7590B98EB39B}"
EndProject
Project("{FAE04EC0-301F-11D3-BF4B-00C04F79EFBC}") = "Adjudge.Abstractions", "src\Adjudge.Abstractions\Adjudge.Abstractions.csproj", "{0B3D1DB1-6165-458F-8BA9-AE431B3B082D}"
EndProject
Project("{FAE04EC0-301F-11D3-BF4B-00C04F79EFBC}") = "Adjudge.Jev", "src\Adjudge.Jev\Adjudge.Jev.csproj", "{BDAF1ACC-E32F-473A-9A85-895AB7F3024E}"
EndProject
Project("{FAE04EC0-301F-11D3-BF4B-00C04F79EFBC}") = "Adjudge.Testing", "src\Adjudge.Testing\Adjudge.Testing.csproj", "{842362DC-AEDB-45D2-B561-549A15E314CA}"
EndProject
Project("{FAE04EC0-301F-11D3-BF4B-00C04F79EFBC}") = "Adjudge", "src\Adjudge\Adjudge.csproj", "{3384EE4E-F6B4-4EEB-9315-B7FC8E82F606}"
EndProject
Project("{2150E333-8FDC-42A3-9474-1A3956D46DE8}") = "tests", "tests", "{0AB3BF05-4346-4AA6-1389-037BE0695223}"
EndProject
Project("{FAE04EC0-301F-11D3-BF4B-00C04F79EFBC}") = "Adjudge.Jev.IntegrationTests", "tests\Adjudge.Jev.IntegrationTests\Adjudge.Jev.IntegrationTests.csproj", "{9F6BB20A-6F5E-4229-97A8-DBC2CE702306}"
EndProject
Project("{FAE04EC0-301F-11D3-BF4B-00C04F79EFBC}") = "Adjudge.Jev.Tests", "tests\Adjudge.Jev.Tests\Adjudge.Jev.Tests.csproj", "{59B574F1-4A84-4B61-AD57-7FE1B2146411}"
EndProject
Project("{FAE04EC0-301F-11D3-BF4B-00C04F79EFBC}") = "Adjudge.Testing.Tests", "tests\Adjudge.Testing.Tests\Adjudge.Testing.Tests.csproj", "{B9159F78-AF1B-49B3-ADB5-489C4BFCBF8C}"
EndProject
Project("{FAE04EC0-301F-11D3-BF4B-00C04F79EFBC}") = "Adjudge.Tests", "tests\Adjudge.Tests\Adjudge.Tests.csproj", "{6C0CA004-323D-4591-98EE-5D1E257264F2}"
EndProject
Project("{2150E333-8FDC-42A3-9474-1A3956D46DE8}") = "samples", "samples", "{5D20AA90-6969-D8BD-9DCD-8634F4692FDA}"
EndProject
Project("{FAE04EC0-301F-11D3-BF4B-00C04F79EFBC}") = "Adjudge.Sample.Minimal", "samples\Adjudge.Sample.Minimal\Adjudge.Sample.Minimal.csproj", "{D53B7098-4123-46EC-ADDA-DE029DD1AEF5}"
EndProject
Project("{FAE04EC0-301F-11D3-BF4B-00C04F79EFBC}") = "Adjudge.Sample.Hosted", "samples\Adjudge.Sample.Hosted\Adjudge.Sample.Hosted.csproj", "{0734A263-0631-427F-8A3E-4D48346A611A}"
EndProject
Project("{FAE04EC0-301F-11D3-BF4B-00C04F79EFBC}") = "Adjudge.OpenAI", "src\Adjudge.OpenAI\Adjudge.OpenAI.csproj", "{AFACD42D-4E5E-404F-A629-EBE78942E4DE}"
EndProject
Project("{FAE04EC0-301F-11D3-BF4B-00C04F79EFBC}") = "Adjudge.OpenAI.Tests", "tests\Adjudge.OpenAI.Tests\Adjudge.OpenAI.Tests.csproj", "{CC6F2AC0-8F57-4973-984C-12D833868014}"
EndProject
Project("{FAE04EC0-301F-11D3-BF4B-00C04F79EFBC}") = "Adjudge.OpenAI.IntegrationTests", "tests\Adjudge.OpenAI.IntegrationTests\Adjudge.OpenAI.IntegrationTests.csproj", "{D75192B1-530F-4439-B01E-FA77DC6FE6B5}"
EndProject
Global
	GlobalSection(SolutionConfigurationPlatforms) = preSolution
		Debug|Any CPU = Debug|Any CPU
		Debug|x64 = Debug|x64
		Debug|x86 = Debug|x86
		Release|Any CPU = Release|Any CPU
		Release|x64 = Release|x64
		Release|x86 = Release|x86
	EndGlobalSection
	GlobalSection(ProjectConfigurationPlatforms) = postSolution
		{0B3D1DB1-6165-458F-8BA9-AE431B3B082D}.Debug|Any CPU.ActiveCfg = Debug|Any CPU
		{0B3D1DB1-6165-458F-8BA9-AE431B3B082D}.Debug|Any CPU.Build.0 = Debug|Any CPU
		{0B3D1DB1-6165-458F-8BA9-AE431B3B082D}.Debug|x64.ActiveCfg = Debug|Any CPU
		{0B3D1DB1-6165-458F-8BA9-AE431B3B082D}.Debug|x64.Build.0 = Debug|Any CPU
		{0B3D1DB1-6165-458F-8BA9-AE431B3B082D}.Debug|x86.ActiveCfg = Debug|Any CPU
		{0B3D1DB1-6165-458F-8BA9-AE431B3B082D}.Debug|x86.Build.0 = Debug|Any CPU
		{0B3D1DB1-6165-458F-8BA9-AE431B3B082D}.Release|Any CPU.ActiveCfg = Release|Any CPU
		{0B3D1DB1-6165-458F-8BA9-AE431B3B082D}.Release|Any CPU.Build.0 = Release|Any CPU
		{0B3D1DB1-6165-458F-8BA9-AE431B3B082D}.Release|x64.ActiveCfg = Release|Any CPU
		{0B3D1DB1-6165-458F-8BA9-AE431B3B082D}.Release|x64.Build.0 = Release|Any CPU
		{0B3D1DB1-6165-458F-8BA9-AE431B3B082D}.Release|x86.ActiveCfg = Release|Any CPU
		{0B3D1DB1-6165-458F-8BA9-AE431B3B082D}.Release|x86.Build.0 = Release|Any CPU
		{BDAF1ACC-E32F-473A-9A85-895AB7F3024E}.Debug|Any CPU.ActiveCfg = Debug|Any CPU
		{BDAF1ACC-E32F-473A-9A85-895AB7F3024E}.Debug|Any CPU.Build.0 = Debug|Any CPU
		{BDAF1ACC-E32F-473A-9A85-895AB7F3024E}.Debug|x64.ActiveCfg = Debug|Any CPU
		{BDAF1ACC-E32F-473A-9A85-895AB7F3024E}.Debug|x64.Build.0 = Debug|Any CPU
		{BDAF1ACC-E32F-473A-9A85-895AB7F3024E}.Debug|x86.ActiveCfg = Debug|Any CPU
		{BDAF1ACC-E32F-473A-9A85-895AB7F3024E}.Debug|x86.Build.0 = Debug|Any CPU
		{BDAF1ACC-E32F-473A-9A85-895AB7F3024E}.Release|Any CPU.ActiveCfg = Release|Any CPU
		{BDAF1ACC-E32F-473A-9A85-895AB7F3024E}.Release|Any CPU.Build.0 = Release|Any CPU
		{BDAF1ACC-E32F-473A-9A85-895AB7F3024E}.Release|x64.ActiveCfg = Release|Any CPU
		{BDAF1ACC-E32F-473A-9A85-895AB7F3024E}.Release|x64.Build.0 = Release|Any CPU
		{BDAF1ACC-E32F-473A-9A85-895AB7F3024E}.Release|x86.ActiveCfg = Release|Any CPU
		{BDAF1ACC-E32F-473A-9A85-895AB7F3024E}.Release|x86.Build.0 = Release|Any CPU
		{842362DC-AEDB-45D2-B561-549A15E314CA}.Debug|Any CPU.ActiveCfg = Debug|Any CPU
		{842362DC-AEDB-45D2-B561-549A15E314CA}.Debug|Any CPU.Build.0 = Debug|Any CPU
		{842362DC-AEDB-45D2-B561-549A15E314CA}.Debug|x64.ActiveCfg = Debug|Any CPU
		{842362DC-AEDB-45D2-B561-549A15E314CA}.Debug|x64.Build.0 = Debug|Any CPU
		{842362DC-AEDB-45D2-B561-549A15E314CA}.Debug|x86.ActiveCfg = Debug|Any CPU
		{842362DC-AEDB-45D2-B561-549A15E314CA}.Debug|x86.Build.0 = Debug|Any CPU
		{842362DC-AEDB-45D2-B561-549A15E314CA}.Release|Any CPU.ActiveCfg = Release|Any CPU
		{842362DC-AEDB-45D2-B561-549A15E314CA}.Release|Any CPU.Build.0 = Release|Any CPU
		{842362DC-AEDB-45D2-B561-549A15E314CA}.Release|x64.ActiveCfg = Release|Any CPU
		{842362DC-AEDB-45D2-B561-549A15E314CA}.Release|x64.Build.0 = Release|Any CPU
		{842362DC-AEDB-45D2-B561-549A15E314CA}.Release|x86.ActiveCfg = Release|Any CPU
		{842362DC-AEDB-45D2-B561-549A15E314CA}.Release|x86.Build.0 = Release|Any CPU
		{3384EE4E-F6B4-4EEB-9315-B7FC8E82F606}.Debug|Any CPU.ActiveCfg = Debug|Any CPU
		{3384EE4E-F6B4-4EEB-9315-B7FC8E82F606}.Debug|Any CPU.Build.0 = Debug|Any CPU
		{3384EE4E-F6B4-4EEB-9315-B7FC8E82F606}.Debug|x64.ActiveCfg = Debug|Any CPU
		{3384EE4E-F6B4-4EEB-9315-B7FC8E82F606}.Debug|x64.Build.0 = Debug|Any CPU
		{3384EE4E-F6B4-4EEB-9315-B7FC8E82F606}.Debug|x86.ActiveCfg = Debug|Any CPU
		{3384EE4E-F6B4-4EEB-9315-B7FC8E82F606}.Debug|x86.Build.0 = Debug|Any CPU
		{3384EE4E-F6B4-4EEB-9315-B7FC8E82F606}.Release|Any CPU.ActiveCfg = Release|Any CPU
		{3384EE4E-F6B4-4EEB-9315-B7FC8E82F606}.Release|Any CPU.Build.0 = Release|Any CPU
		{3384EE4E-F6B4-4EEB-9315-B7FC8E82F606}.Release|x64.ActiveCfg = Release|Any CPU
		{3384EE4E-F6B4-4EEB-9315-B7FC8E82F606}.Release|x64.Build.0 = Release|Any CPU
		{3384EE4E-F6B4-4EEB-9315-B7FC8E82F606}.Release|x86.ActiveCfg = Release|Any CPU
		{3384EE4E-F6B4-4EEB-9315-B7FC8E82F606}.Release|x86.Build.0 = Release|Any CPU
		{9F6BB20A-6F5E-4229-97A8-DBC2CE702306}.Debug|Any CPU.ActiveCfg = Debug|Any CPU
		{9F6BB20A-6F5E-4229-97A8-DBC2CE702306}.Debug|Any CPU.Build.0 = Debug|Any CPU
		{9F6BB20A-6F5E-4229-97A8-DBC2CE702306}.Debug|x64.ActiveCfg = Debug|Any CPU
		{9F6BB20A-6F5E-4229-97A8-DBC2CE702306}.Debug|x64.Build.0 = Debug|Any CPU
		{9F6BB20A-6F5E-4229-97A8-DBC2CE702306}.Debug|x86.ActiveCfg = Debug|Any CPU
		{9F6BB20A-6F5E-4229-97A8-DBC2CE702306}.Debug|x86.Build.0 = Debug|Any CPU
		{9F6BB20A-6F5E-4229-97A8-DBC2CE702306}.Release|Any CPU.ActiveCfg = Release|Any CPU
		{9F6BB20A-6F5E-4229-97A8-DBC2CE702306}.Release|Any CPU.Build.0 = Release|Any CPU
		{9F6BB20A-6F5E-4229-97A8-DBC2CE702306}.Release|x64.ActiveCfg = Release|Any CPU
		{9F6BB20A-6F5E-4229-97A8-DBC2CE702306}.Release|x64.Build.0 = Release|Any CPU
		{9F6BB20A-6F5E-4229-97A8-DBC2CE702306}.Release|x86.ActiveCfg = Release|Any CPU
		{9F6BB20A-6F5E-4229-97A8-DBC2CE702306}.Release|x86.Build.0 = Release|Any CPU
		{59B574F1-4A84-4B61-AD57-7FE1B2146411}.Debug|Any CPU.ActiveCfg = Debug|Any CPU
		{59B574F1-4A84-4B61-AD57-7FE1B2146411}.Debug|Any CPU.Build.0 = Debug|Any CPU
		{59B574F1-4A84-4B61-AD57-7FE1B2146411}.Debug|x64.ActiveCfg = Debug|Any CPU
		{59B574F1-4A84-4B61-AD57-7FE1B2146411}.Debug|x64.Build.0 = Debug|Any CPU
		{59B574F1-4A84-4B61-AD57-7FE1B2146411}.Debug|x86.ActiveCfg = Debug|Any CPU
		{59B574F1-4A84-4B61-AD57-7FE1B2146411}.Debug|x86.Build.0 = Debug|Any CPU
		{59B574F1-4A84-4B61-AD57-7FE1B2146411}.Release|Any CPU.ActiveCfg = Release|Any CPU
		{59B574F1-4A84-4B61-AD57-7FE1B2146411}.Release|Any CPU.Build.0 = Release|Any CPU
		{59B574F1-4A84-4B61-AD57-7FE1B2146411}.Release|x64.ActiveCfg = Release|Any CPU
		{59B574F1-4A84-4B61-AD57-7FE1B2146411}.Release|x64.Build.0 = Release|Any CPU
		{59B574F1-4A84-4B61-AD57-7FE1B2146411}.Release|x86.ActiveCfg = Release|Any CPU
		{59B574F1-4A84-4B61-AD57-7FE1B2146411}.Release|x86.Build.0 = Release|Any CPU
		{B9159F78-AF1B-49B3-ADB5-489C4BFCBF8C}.Debug|Any CPU.ActiveCfg = Debug|Any CPU
		{B9159F78-AF1B-49B3-ADB5-489C4BFCBF8C}.Debug|Any CPU.Build.0 = Debug|Any CPU
		{B9159F78-AF1B-49B3-ADB5-489C4BFCBF8C}.Debug|x64.ActiveCfg = Debug|Any CPU
		{B9159F78-AF1B-49B3-ADB5-489C4BFCBF8C}.Debug|x64.Build.0 = Debug|Any CPU
		{B9159F78-AF1B-49B3-ADB5-489C4BFCBF8C}.Debug|x86.ActiveCfg = Debug|Any CPU
		{B9159F78-AF1B-49B3-ADB5-489C4BFCBF8C}.Debug|x86.Build.0 = Debug|Any CPU
		{B9159F78-AF1B-49B3-ADB5-489C4BFCBF8C}.Release|Any CPU.ActiveCfg = Release|Any CPU
		{B9159F78-AF1B-49B3-ADB5-489C4BFCBF8C}.Release|Any CPU.Build.0 = Release|Any CPU
		{B9159F78-AF1B-49B3-ADB5-489C4BFCBF8C}.Release|x64.ActiveCfg = Release|Any CPU
		{B9159F78-AF1B-49B3-ADB5-489C4BFCBF8C}.Release|x64.Build.0 = Release|Any CPU
		{B9159F78-AF1B-49B3-ADB5-489C4BFCBF8C}.Release|x86.ActiveCfg = Release|Any CPU
		{B9159F78-AF1B-49B3-ADB5-489C4BFCBF8C}.Release|x86.Build.0 = Release|Any CPU
		{6C0CA004-323D-4591-98EE-5D1E257264F2}.Debug|Any CPU.ActiveCfg = Debug|Any CPU
		{6C0CA004-323D-4591-98EE-5D1E257264F2}.Debug|Any CPU.Build.0 = Debug|Any CPU
		{6C0CA004-323D-4591-98EE-5D1E257264F2}.Debug|x64.ActiveCfg = Debug|Any CPU
		{6C0CA004-323D-4591-98EE-5D1E257264F2}.Debug|x64.Build.0 = Debug|Any CPU
		{6C0CA004-323D-4591-98EE-5D1E257264F2}.Debug|x86.ActiveCfg = Debug|Any CPU
		{6C0CA004-323D-4591-98EE-5D1E257264F2}.Debug|x86.Build.0 = Debug|Any CPU
		{6C0CA004-323D-4591-98EE-5D1E257264F2}.Release|Any CPU.ActiveCfg = Release|Any CPU
		{6C0CA004-323D-4591-98EE-5D1E257264F2}.Release|Any CPU.Build.0 = Release|Any CPU
		{6C0CA004-323D-4591-98EE-5D1E257264F2}.Release|x64.ActiveCfg = Release|Any CPU
		{6C0CA004-323D-4591-98EE-5D1E257264F2}.Release|x64.Build.0 = Release|Any CPU
		{6C0CA004-323D-4591-98EE-5D1E257264F2}.Release|x86.ActiveCfg = Release|Any CPU
		{6C0CA004-323D-4591-98EE-5D1E257264F2}.Release|x86.Build.0 = Release|Any CPU
		{D53B7098-4123-46EC-ADDA-DE029DD1AEF5}.Debug|Any CPU.ActiveCfg = Debug|Any CPU
		{D53B7098-4123-46EC-ADDA-DE029DD1AEF5}.Debug|Any CPU.Build.0 = Debug|Any CPU
		{D53B7098-4123-46EC-ADDA-DE029DD1AEF5}.Debug|x64.ActiveCfg = Debug|Any CPU
		{D53B7098-4123-46EC-ADDA-DE029DD1AEF5}.Debug|x64.Build.0 = Debug|Any CPU
		{D53B7098-4123-46EC-ADDA-DE029DD1AEF5}.Debug|x86.ActiveCfg = Debug|Any CPU
		{D53B7098-4123-46EC-ADDA-DE029DD1AEF5}.Debug|x86.Build.0 = Debug|Any CPU
		{D53B7098-4123-46EC-ADDA-DE029DD1AEF5}.Release|Any CPU.ActiveCfg = Release|Any CPU
		{D53B7098-4123-46EC-ADDA-DE029DD1AEF5}.Release|Any CPU.Build.0 = Release|Any CPU
		{D53B7098-4123-46EC-ADDA-DE029DD1AEF5}.Release|x64.ActiveCfg = Release|Any CPU
		{D53B7098-4123-46EC-ADDA-DE029DD1AEF5}.Release|x64.Build.0 = Release|Any CPU
		{D53B7098-4123-46EC-ADDA-DE029DD1AEF5}.Release|x86.ActiveCfg = Release|Any CPU
		{D53B7098-4123-46EC-ADDA-DE029DD1AEF5}.Release|x86.Build.0 = Release|Any CPU
		{0734A263-0631-427F-8A3E-4D48346A611A}.Debug|Any CPU.ActiveCfg = Debug|Any CPU
		{0734A263-0631-427F-8A3E-4D48346A611A}.Debug|Any CPU.Build.0 = Debug|Any CPU
		{0734A263-0631-427F-8A3E-4D48346A611A}.Debug|x64.ActiveCfg = Debug|Any CPU
		{0734A263-0631-427F-8A3E-4D48346A611A}.Debug|x64.Build.0 = Debug|Any CPU
		{0734A263-0631-427F-8A3E-4D48346A611A}.Debug|x86.ActiveCfg = Debug|Any CPU
		{0734A263-0631-427F-8A3E-4D48346A611A}.Debug|x86.Build.0 = Debug|Any CPU
		{0734A263-0631-427F-8A3E-4D48346A611A}.Release|Any CPU.ActiveCfg = Release|Any CPU
		{0734A263-0631-427F-8A3E-4D48346A611A}.Release|Any CPU.Build.0 = Release|Any CPU
		{0734A263-0631-427F-8A3E-4D48346A611A}.Release|x64.ActiveCfg = Release|Any CPU
		{0734A263-0631-427F-8A3E-4D48346A611A}.Release|x64.Build.0 = Release|Any CPU
		{0734A263-0631-427F-8A3E-4D48346A611A}.Release|x86.ActiveCfg = Release|Any CPU
		{0734A263-0631-427F-8A3E-4D48346A611A}.Release|x86.Build.0 = Release|Any CPU
		{AFACD42D-4E5E-404F-A629-EBE78942E4DE}.Debug|Any CPU.ActiveCfg = Debug|Any CPU
		{AFACD42D-4E5E-404F-A629-EBE78942E4DE}.Debug|Any CPU.Build.0 = Debug|Any CPU
		{AFACD42D-4E5E-404F-A629-EBE78942E4DE}.Debug|x64.ActiveCfg = Debug|Any CPU
		{AFACD42D-4E5E-404F-A629-EBE78942E4DE}.Debug|x64.Build.0 = Debug|Any CPU
		{AFACD42D-4E5E-404F-A629-EBE78942E4DE}.Debug|x86.ActiveCfg = Debug|Any CPU
		{AFACD42D-4E5E-404F-A629-EBE78942E4DE}.Debug|x86.Build.0 = Debug|Any CPU
		{AFACD42D-4E5E-404F-A629-EBE78942E4DE}.Release|Any CPU.ActiveCfg = Release|Any CPU
		{AFACD42D-4E5E-404F-A629-EBE78942E4DE}.Release|Any CPU.Build.0 = Release|Any CPU
		{AFACD42D-4E5E-404F-A629-EBE78942E4DE}.Release|x64.ActiveCfg = Release|Any CPU
		{AFACD42D-4E5E-404F-A629-EBE78942E4DE}.Release|x64.Build.0 = Release|Any CPU
		{AFACD42D-4E5E-404F-A629-EBE78942E4DE}.Release|x86.ActiveCfg = Release|Any CPU
		{AFACD42D-4E5E-404F-A629-EBE78942E4DE}.Release|x86.Build.0 = Release|Any CPU
		{CC6F2AC0-8F57-4973-984C-12D833868014}.Debug|Any CPU.ActiveCfg = Debug|Any CPU
		{CC6F2AC0-8F57-4973-984C-12D833868014}.Debug|Any CPU.Build.0 = Debug|Any CPU
		{CC6F2AC0-8F57-4973-984C-12D833868014}.Debug|x64.ActiveCfg = Debug|Any CPU
		{CC6F2AC0-8F57-4973-984C-12D833868014}.Debug|x64.Build.0 = Debug|Any CPU
		{CC6F2AC0-8F57-4973-984C-12D833868014}.Debug|x86.ActiveCfg = Debug|Any CPU
		{CC6F2AC0-8F57-4973-984C-12D833868014}.Debug|x86.Build.0 = Debug|Any CPU
		{CC6F2AC0-8F57-4973-984C-12D833868014}.Release|Any CPU.ActiveCfg = Release|Any CPU
		{CC6F2AC0-8F57-4973-984C-12D833868014}.Release|Any CPU.Build.0 = Release|Any CPU
		{CC6F2AC0-8F57-4973-984C-12D833868014}.Release|x64.ActiveCfg = Release|Any CPU
		{CC6F2AC0-8F57-4973-984C-12D833868014}.Release|x64.Build.0 = Release|Any CPU
		{CC6F2AC0-8F57-4973-984C-12D833868014}.Release|x86.ActiveCfg = Release|Any CPU
		{CC6F2AC0-8F57-4973-984C-12D833868014}.Release|x86.Build.0 = Release|Any CPU
		{D75192B1-530F-4439-B01E-FA77DC6FE6B5}.Debug|Any CPU.ActiveCfg = Debug|Any CPU
		{D75192B1-530F-4439-B01E-FA77DC6FE6B5}.Debug|Any CPU.Build.0 = Debug|Any CPU
		{D75192B1-530F-4439-B01E-FA77DC6FE6B5}.Debug|x64.ActiveCfg = Debug|Any CPU
		{D75192B1-530F-4439-B01E-FA77DC6FE6B5}.Debug|x64.Build.0 = Debug|Any CPU
		{D75192B1-530F-4439-B01E-FA77DC6FE6B5}.Debug|x86.ActiveCfg = Debug|Any CPU
		{D75192B1-530F-4439-B01E-FA77DC6FE6B5}.Debug|x86.Build.0 = Debug|Any CPU
		{D75192B1-530F-4439-B01E-FA77DC6FE6B5}.Release|Any CPU.ActiveCfg = Release|Any CPU
		{D75192B1-530F-4439-B01E-FA77DC6FE6B5}.Release|Any CPU.Build.0 = Release|Any CPU
		{D75192B1-530F-4439-B01E-FA77DC6FE6B5}.Release|x64.ActiveCfg = Release|Any CPU
		{D75192B1-530F-4439-B01E-FA77DC6FE6B5}.Release|x64.Build.0 = Release|Any CPU
		{D75192B1-530F-4439-B01E-FA77DC6FE6B5}.Release|x86.ActiveCfg = Release|Any CPU
		{D75192B1-530F-4439-B01E-FA77DC6FE6B5}.Release|x86.Build.0 = Release|Any CPU
	EndGlobalSection
	GlobalSection(SolutionProperties) = preSolution
		HideSolutionNode = FALSE
	EndGlobalSection
	GlobalSection(NestedProjects) = preSolution
		{0B3D1DB1-6165-458F-8BA9-AE431B3B082D} = {827E0CD3-B72D-47B6-A68D-7590B98EB39B}
		{BDAF1ACC-E32F-473A-9A85-895AB7F3024E} = {827E0CD3-B72D-47B6-A68D-7590B98EB39B}
		{842362DC-AEDB-45D2-B561-549A15E314CA} = {827E0CD3-B72D-47B6-A68D-7590B98EB39B}
		{3384EE4E-F6B4-4EEB-9315-B7FC8E82F606} = {827E0CD3-B72D-47B6-A68D-7590B98EB39B}
		{9F6BB20A-6F5E-4229-97A8-DBC2CE702306} = {0AB3BF05-4346-4AA6-1389-037BE0695223}
		{59B574F1-4A84-4B61-AD57-7FE1B2146411} = {0AB3BF05-4346-4AA6-1389-037BE0695223}
		{B9159F78-AF1B-49B3-ADB5-489C4BFCBF8C} = {0AB3BF05-4346-4AA6-1389-037BE0695223}
		{6C0CA004-323D-4591-98EE-5D1E257264F2} = {0AB3BF05-4346-4AA6-1389-037BE0695223}
		{D53B7098-4123-46EC-ADDA-DE029DD1AEF5} = {5D20AA90-6969-D8BD-9DCD-8634F4692FDA}
		{0734A263-0631-427F-8A3E-4D48346A611A} = {5D20AA90-6969-D8BD-9DCD-8634F4692FDA}
		{AFACD42D-4E5E-404F-A629-EBE78942E4DE} = {827E0CD3-B72D-47B6-A68D-7590B98EB39B}
		{CC6F2AC0-8F57-4973-984C-12D833868014} = {0AB3BF05-4346-4AA6-1389-037BE0695223}
		{D75192B1-530F-4439-B01E-FA77DC6FE6B5} = {0AB3BF05-4346-4AA6-1389-037BE0695223}
	EndGlobalSection
EndGlobal
